dependencies:
- name: postgresql
  repository: https://charts.bitnami.com/bitnami
  version: 12.1.14
- name: redis
  repository: https://charts.bitnami.com/bitnami
  version: 17.7.2
digest: sha256:4f4f92dbd957bc5a2394e49548a5733650b1b36d2ad47150a7f39e184f7ea27f
generated: "2023-02-14T09:01:54.275474-06:00"
